
Microsoft Visual Studio Solution File, Format Version 12.00
# Visual Studio 15
Project("{FAE04EC0-301F-11D3-BF4B-00C04F79EFBC}") = "Assembly-CSharp", "Assembly-CSharp.csproj", "{CCD63A5B-62AE-BE2B-FAAA-A06F9109EDAF}"
EndProject
Project("{FAE04EC0-301F-11D3-BF4B-00C04F79EFBC}") = "Assembly-CSharp-firstpass", "Assembly-CSharp-firstpass.csproj", "{7728B0C3-2190-85BF-9908-D406EDF46BE0}"
EndProject
Global
	GlobalSection(SolutionConfigurationPlatforms) = preSolution
		Debug|Any CPU = Debug|Any CPU
		Release|Any CPU = Release|Any CPU
	EndGlobalSection
	GlobalSection(ProjectConfigurationPlatforms) = postSolution
		{CCD63A5B-62AE-BE2B-FAAA-A06F9109EDAF}.Debug|Any CPU.ActiveCfg = Debug|Any CPU
		{CCD63A5B-62AE-BE2B-FAAA-A06F9109EDAF}.Debug|Any CPU.Build.0 = Debug|Any CPU
		{CCD63A5B-62AE-BE2B-FAAA-A06F9109EDAF}.Release|Any CPU.ActiveCfg = Release|Any CPU
		{CCD63A5B-62AE-BE2B-FAAA-A06F9109EDAF}.Release|Any CPU.Build.0 = Release|Any CPU
		{7728B0C3-2190-85BF-9908-D406EDF46BE0}.Debug|Any CPU.ActiveCfg = Debug|Any CPU
		{7728B0C3-2190-85BF-9908-D406EDF46BE0}.Debug|Any CPU.Build.0 = Debug|Any CPU
		{7728B0C3-2190-85BF-9908-D406EDF46BE0}.Release|Any CPU.ActiveCfg = Release|Any CPU
		{7728B0C3-2190-85BF-9908-D406EDF46BE0}.Release|Any CPU.Build.0 = Release|Any CPU
	EndGlobalSection
	GlobalSection(SolutionProperties) = preSolution
		HideSolutionNode = FALSE
	EndGlobalSection
EndGlobal
